
Microsoft Visual Studio Solution File, Format Version 12.00
# Visual Studio Version 16
VisualStudioVersion = 16.0.29409.12
MinimumVisualStudioVersion = 10.0.40219.1
Project("{FAE04EC0-301F-11D3-BF4B-00C04F79EFBC}") = "CrownDetector", "CrownDetector.csproj", "{1F426D83-31F3-4AA5-8DFB-8388153AEDD1}"
EndProject
Global
	GlobalSection(SolutionConfigurationPlatforms) = preSolution
		Debug|Any CPU = Debug|Any CPU
		Release|Any CPU = Release|Any CPU
	EndGlobalSection
	GlobalSection(ProjectConfigurationPlatforms) = postSolution
		{1F426D83-31F3-4AA5-8DFB-8388153AEDD1}.Debug|Any CPU.ActiveCfg = Debug|Any CPU
		{1F426D83-31F3-4AA5-8DFB-8388153AEDD1}.Debug|Any CPU.Build.0 = Debug|Any CPU
		{1F426D83-31F3-4AA5-8DFB-8388153AEDD1}.Release|Any CPU.ActiveCfg = Release|Any CPU
		{1F426D83-31F3-4AA5-8DFB-8388153AEDD1}.Release|Any CPU.Build.0 = Release|Any CPU
	EndGlobalSection
	GlobalSection(SolutionProperties) = preSolution
		HideSolutionNode = FALSE
	EndGlobalSection
	GlobalSection(ExtensibilityGlobals) = postSolution
		SolutionGuid = {D7269508-2DD2-4AA6-B216-DA16CD646CA8}
	EndGlobalSection
EndGlobal
